
Microsoft Visual Studio Solution File, Format Version 12.00
# Visual Studio Version 16
VisualStudioVersion = 16.0.30225.117
MinimumVisualStudioVersion = 10.0.40219.1
Project("{FAE04EC0-301F-11D3-BF4B-00C04F79EFBC}") = "WindowsFormsApp1", "WindowsFormsApp1.csproj", "{2FFC70AA-BD9A-4714-9B76-C74335905283}"
EndProject
Global
	GlobalSection(SolutionConfigurationPlatforms) = preSolution
		Debug|Any CPU = Debug|Any CPU
		Release|Any CPU = Release|Any CPU
	EndGlobalSection
	GlobalSection(ProjectConfigurationPlatforms) = postSolution
		{2FFC70AA-BD9A-4714-9B76-C74335905283}.Debug|Any CPU.ActiveCfg = Debug|Any CPU
		{2FFC70AA-BD9A-4714-9B76-C74335905283}.Debug|Any CPU.Build.0 = Debug|Any CPU
		{2FFC70AA-BD9A-4714-9B76-C74335905283}.Release|Any CPU.ActiveCfg = Release|Any CPU
		{2FFC70AA-BD9A-4714-9B76-C74335905283}.Release|Any CPU.Build.0 = Release|Any CPU
	EndGlobalSection
	GlobalSection(SolutionProperties) = preSolution
		HideSolutionNode = FALSE
	EndGlobalSection
	GlobalSection(ExtensibilityGlobals) = postSolution
		SolutionGuid = {F78FD396-2B21-42A0-8DF8-A16CD1656791}
	EndGlobalSection
EndGlobal
